
Microsoft Visual Studio Solution File, Format Version 12.00
# Visual Studio Version 16
VisualStudioVersion = 16.0.32407.337
MinimumVisualStudioVersion = 10.0.40219.1
Project("{FAE04EC0-301F-11D3-BF4B-00C04F79EFBC}") = "AdventOfCode1", "AdventOfCode1.csproj", "{0E4423FA-5F5B-48A8-9D78-032E59D3CEAD}"
EndProject
Global
	GlobalSection(SolutionConfigurationPlatforms) = preSolution
		Debug|Any CPU = Debug|Any CPU
		Release|Any CPU = Release|Any CPU
	EndGlobalSection
	GlobalSection(ProjectConfigurationPlatforms) = postSolution
		{0E4423FA-5F5B-48A8-9D78-032E59D3CEAD}.Debug|Any CPU.ActiveCfg = Debug|Any CPU
		{0E4423FA-5F5B-48A8-9D78-032E59D3CEAD}.Debug|Any CPU.Build.0 = Debug|Any CPU
		{0E4423FA-5F5B-48A8-9D78-032E59D3CEAD}.Release|Any CPU.ActiveCfg = Release|Any CPU
		{0E4423FA-5F5B-48A8-9D78-032E59D3CEAD}.Release|Any CPU.Build.0 = Release|Any CPU
	EndGlobalSection
	GlobalSection(SolutionProperties) = preSolution
		HideSolutionNode = FALSE
	EndGlobalSection
	GlobalSection(ExtensibilityGlobals) = postSolution
		SolutionGuid = {DFD44A37-79E1-40A6-A8C7-67AE9BF33E67}
	EndGlobalSection
EndGlobal
