
Microsoft Visual Studio Solution File, Format Version 12.00
# Visual Studio Version 16
VisualStudioVersion = 16.0.32407.337
MinimumVisualStudioVersion = 10.0.40219.1
Project("{FAE04EC0-301F-11D3-BF4B-00C04F79EFBC}") = "AdventOfCode6", "AdventOfCode6.csproj", "{EA7D42D8-3E4C-46A8-BD5A-C75BDEE7D397}"
EndProject
Global
	GlobalSection(SolutionConfigurationPlatforms) = preSolution
		Debug|Any CPU = Debug|Any CPU
		Release|Any CPU = Release|Any CPU
	EndGlobalSection
	GlobalSection(ProjectConfigurationPlatforms) = postSolution
		{EA7D42D8-3E4C-46A8-BD5A-C75BDEE7D397}.Debug|Any CPU.ActiveCfg = Debug|Any CPU
		{EA7D42D8-3E4C-46A8-BD5A-C75BDEE7D397}.Debug|Any CPU.Build.0 = Debug|Any CPU
		{EA7D42D8-3E4C-46A8-BD5A-C75BDEE7D397}.Release|Any CPU.ActiveCfg = Release|Any CPU
		{EA7D42D8-3E4C-46A8-BD5A-C75BDEE7D397}.Release|Any CPU.Build.0 = Release|Any CPU
	EndGlobalSection
	GlobalSection(SolutionProperties) = preSolution
		HideSolutionNode = FALSE
	EndGlobalSection
	GlobalSection(ExtensibilityGlobals) = postSolution
		SolutionGuid = {F16BB848-B726-4798-ABCB-CB04B03374B9}
	EndGlobalSection
EndGlobal
