
Microsoft Visual Studio Solution File, Format Version 12.00
# Visual Studio Version 16
VisualStudioVersion = 16.0.32407.337
MinimumVisualStudioVersion = 10.0.40219.1
Project("{FAE04EC0-301F-11D3-BF4B-00C04F79EFBC}") = "AdventOfCode5", "AdventOfCode5.csproj", "{560E697D-1477-4A70-A655-51B294821550}"
EndProject
Global
	GlobalSection(SolutionConfigurationPlatforms) = preSolution
		Debug|Any CPU = Debug|Any CPU
		Release|Any CPU = Release|Any CPU
	EndGlobalSection
	GlobalSection(ProjectConfigurationPlatforms) = postSolution
		{560E697D-1477-4A70-A655-51B294821550}.Debug|Any CPU.ActiveCfg = Debug|Any CPU
		{560E697D-1477-4A70-A655-51B294821550}.Debug|Any CPU.Build.0 = Debug|Any CPU
		{560E697D-1477-4A70-A655-51B294821550}.Release|Any CPU.ActiveCfg = Release|Any CPU
		{560E697D-1477-4A70-A655-51B294821550}.Release|Any CPU.Build.0 = Release|Any CPU
	EndGlobalSection
	GlobalSection(SolutionProperties) = preSolution
		HideSolutionNode = FALSE
	EndGlobalSection
	GlobalSection(ExtensibilityGlobals) = postSolution
		SolutionGuid = {7569452D-3482-492C-9CD5-9CEAD548239B}
	EndGlobalSection
EndGlobal
